// !$*UTF8*$!
{
	archiveVersion = 1;
	classes = {
	};
	objectVersion = 50;
	objects = {

/* Begin PBXBuildFile section */
		DB57DEDF26BB7361002017A4 /* AppDelegate.swift in Sources */ = {isa = PBXBuildFile; fileRef = DB57DEDE26BB7361002017A4 /* AppDelegate.swift */; };
		DB57DEE126BB7361002017A4 /* SceneDelegate.swift in Sources */ = {isa = PBXBuildFile; fileRef = DB57DEE026BB7361002017A4 /* SceneDelegate.swift */; };
		DB57DEE326BB7361002017A4 /* ViewController.swift in Sources */ = {isa = PBXBuildFile; fileRef = DB57DEE226BB7361002017A4 /* ViewController.swift */; };
		DB57DEE626BB7361002017A4 /* Main.storyboard in Resources */ = {isa = PBXBuildFile; fileRef = DB57DEE426BB7361002017A4 /* Main.storyboard */; };
		DB57DEE826BB7362002017A4 /* Assets.xcassets in Resources */ = {isa = PBXBuildFile; fileRef = DB57DEE726BB7362002017A4 /* Assets.xcassets */; };
		DB57DEEB26BB7362002017A4 /* LaunchScreen.storyboard in Resources */ = {isa = PBXBuildFile; fileRef = DB57DEE926BB7362002017A4 /* LaunchScreen.storyboard */; };
		DB57DEF326BB78B0002017A4 /* DetalhesViewController.swift in Sources */ = {isa = PBXBuildFile; fileRef = DB57DEF226BB78B0002017A4 /* DetalhesViewController.swift */; };
/* End PBXBuildFile section */

/* Begin PBXFileReference section */
		DB57DEDB26BB7361002017A4 /* Jogo Cara ou Coroa.app */ = {isa = PBXFileReference; explicitFileType = wrapper.application; includeInIndex = 0; path = "Jogo Cara ou Coroa.app"; sourceTree = BUILT_PRODUCTS_DIR; };
		DB57DEDE26BB7361002017A4 /* AppDelegate.swift */ = {isa = PBXFileReference; lastKnownFileType = sourcecode.swift; path = AppDelegate.swift; sourceTree = "<group>"; };
		DB57DEE026BB7361002017A4 /* SceneDelegate.swift */ = {isa = PBXFileReference; lastKnownFileType = sourcecode.swift; path = SceneDelegate.swift; sourceTree = "<group>"; };
		DB57DEE226BB7361002017A4 /* ViewController.swift */ = {isa = PBXFileReference; lastKnownFileType = sourcecode.swift; path = ViewController.swift; sourceTree = "<group>"; };
		DB57DEE526BB7361002017A4 /* Base */ = {isa = PBXFileReference; lastKnownFileType = file.storyboard; name = Base; path = Base.lproj/Main.storyboard; sourceTree = "<group>"; };
		DB57DEE726BB7362002017A4 /* Assets.xcassets */ = {isa = PBXFileReference; lastKnownFileType = folder.assetcatalog; path = Assets.xcassets; sourceTree = "<group>"; };
		DB57DEEA26BB7362002017A4 /* Base */ = {isa = PBXFileReference; lastKnownFileType = file.storyboard; name = Base; path = Base.lproj/LaunchScreen.storyboard; sourceTree = "<group>"; };
		DB57DEEC26BB7362002017A4 /* Info.plist */ = {isa = PBXFileReference; lastKnownFileType = text.plist.xml; path = Info.plist; sourceTree = "<group>"; };
		DB57DEF226BB78B0002017A4 /* DetalhesViewController.swift */ = {isa = PBXFileReference; lastKnownFileType = sourcecode.swift; path = DetalhesViewController.swift; sourceTree = "<group>"; };
/* End PBXFileReference section */

/* Begin PBXFrameworksBuildPhase section */
		DB57DED826BB7361002017A4 /* Frameworks */ = {
			isa = PBXFrameworksBuildPhase;
			buildActionMask = 2147483647;
			files = (
			);
			runOnlyForDeploymentPostprocessing = 0;
		};
/* End PBXFrameworksBuildPhase section */

/* Begin PBXGroup section */
		DB57DED226BB7361002017A4 = {
			isa = PBXGroup;
			children = (
				DB57DEDD26BB7361002017A4 /* Jogo Cara ou Coroa */,
				DB57DEDC26BB7361002017A4 /* Products */,
			);
			sourceTree = "<group>";
		};
		DB57DEDC26BB7361002017A4 /* Products */ = {
			isa = PBXGroup;
			children = (
				DB57DEDB26BB7361002017A4 /* Jogo Cara ou Coroa.app */,
			);
			name = Products;
			sourceTree = "<group>";
		};
		DB57DEDD26BB7361002017A4 /* Jogo Cara ou Coroa */ = {
			isa = PBXGroup;
			children = (
				DB57DEDE26BB7361002017A4 /* AppDelegate.swift */,
				DB57DEE026BB7361002017A4 /* SceneDelegate.swift */,
				DB57DEE226BB7361002017A4 /* ViewController.swift */,
				DB57DEF226BB78B0002017A4 /* DetalhesViewController.swift */,
				DB57DEE426BB7361002017A4 /* Main.storyboard */,
				DB57DEE726BB7362002017A4 /* Assets.xcassets */,
				DB57DEE926BB7362002017A4 /* LaunchScreen.storyboard */,
				DB57DEEC26BB7362002017A4 /* Info.plist */,
			);
			path = "Jogo Cara ou Coroa";
			sourceTree = "<group>";
		};
/* End PBXGroup section */

/* Begin PBXNativeTarget section */
		DB57DEDA26BB7361002017A4 /* Jogo Cara ou Coroa */ = {
			isa = PBXNativeTarget;
			buildConfigurationList = DB57DEEF26BB7362002017A4 /* Build configuration list for PBXNativeTarget "Jogo Cara ou Coroa" */;
			buildPhases = (
				DB57DED726BB7361002017A4 /* Sources */,
				DB57DED826BB7361002017A4 /* Frameworks */,
				DB57DED926BB7361002017A4 /* Resources */,
			);
			buildRules = (
			);
			dependencies = (
			);
			name = "Jogo Cara ou Coroa";
			productName = "Jogo Cara ou Coroa";
			productReference = DB57DEDB26BB7361002017A4 /* Jogo Cara ou Coroa.app */;
			productType = "com.apple.product-type.application";
		};
/* End PBXNativeTarget section */

/* Begin PBXProject section */
		DB57DED326BB7361002017A4 /* Project object */ = {
			isa = PBXProject;
			attributes = {
				LastSwiftUpdateCheck = 1250;
				LastUpgradeCheck = 1250;
				TargetAttributes = {
					DB57DEDA26BB7361002017A4 = {
						CreatedOnToolsVersion = 12.5.1;
					};
				};
			};
			buildConfigurationList = DB57DED626BB7361002017A4 /* Build configuration list for PBXProject "Jogo Cara ou Coroa" */;
			compatibilityVersion = "Xcode 9.3";
			developmentRegion = en;
			hasScannedForEncodings = 0;
			knownRegions = (
				en,
				Base,
			);
			mainGroup = DB57DED226BB7361002017A4;
			productRefGroup = DB57DEDC26BB7361002017A4 /* Products */;
			projectDirPath = "";
			projectRoot = "";
			targets = (
				DB57DEDA26BB7361002017A4 /* Jogo Cara ou Coroa */,
			);
		};
/* End PBXProject section */

/* Begin PBXResourcesBuildPhase section */
		DB57DED926BB7361002017A4 /* Resources */ = {
			isa = PBXResourcesBuildPhase;
			buildActionMask = 2147483647;
			files = (
				DB57DEEB26BB7362002017A4 /* LaunchScreen.storyboard in Resources */,
				DB57DEE826BB7362002017A4 /* Assets.xcassets in Resources */,
				DB57DEE626BB7361002017A4 /* Main.storyboard in Resources */,
			);
			runOnlyForDeploymentPostprocessing = 0;
		};
/* End PBXResourcesBuildPhase section */

/* Begin PBXSourcesBuildPhase section */
		DB57DED726BB7361002017A4 /* Sources */ = {
			isa = PBXSourcesBuildPhase;
			buildActionMask = 2147483647;
			files = (
				DB57DEF326BB78B0002017A4 /* DetalhesViewController.swift in Sources */,
				DB57DEE326BB7361002017A4 /* ViewController.swift in Sources */,
				DB57DEDF26BB7361002017A4 /* AppDelegate.swift in Sources */,
				DB57DEE126BB7361002017A4 /* SceneDelegate.swift in Sources */,
			);
			runOnlyForDeploymentPostprocessing = 0;
		};
/* End PBXSourcesBuildPhase section */

/* Begin PBXVariantGroup section */
		DB57DEE426BB7361002017A4 /* Main.storyboard */ = {
			isa = PBXVariantGroup;
			children = (
				DB57DEE526BB7361002017A4 /* Base */,
			);
			name = Main.storyboard;
			sourceTree = "<group>";
		};
		DB57DEE926BB7362002017A4 /* LaunchScreen.storyboard */ = {
			isa = PBXVariantGroup;
			children = (
				DB57DEEA26BB7362002017A4 /* Base */,
			);
			name = LaunchScreen.storyboard;
			sourceTree = "<group>";
		};
/* End PBXVariantGroup section */

/* Begin XCBuildConfiguration section */
		DB57DEED26BB7362002017A4 /* Debug */ = {
			isa = XCBuildConfiguration;
			buildSettings = {
				ALWAYS_SEARCH_USER_PATHS = NO;
				CLANG_ANALYZER_NONNULL = YES;
				CLANG_ANALYZER_NUMBER_OBJECT_CONVERSION = YES_AGGRESSIVE;
				CLANG_CXX_LANGUAGE_STANDARD = "gnu++14";
				CLANG_CXX_LIBRARY = "libc++";
				CLANG_ENABLE_MODULES = YES;
				CLANG_ENABLE_OBJC_ARC = YES;
				CLANG_ENABLE_OBJC_WEAK = YES;
				CLANG_WARN_BLOCK_CAPTURE_AUTORELEASING = YES;
				CLANG_WARN_BOOL_CONVERSION = YES;
				CLANG_WARN_COMMA = YES;
				CLANG_WARN_CONSTANT_CONVERSION = YES;
				CLANG_WARN_DEPRECATED_OBJC_IMPLEMENTATIONS = YES;
				CLANG_WARN_DIRECT_OBJC_ISA_USAGE = YES_ERROR;
				CLANG_WARN_DOCUMENTATION_COMMENTS = YES;
				CLANG_WARN_EMPTY_BODY = YES;
				CLANG_WARN_ENUM_CONVERSION = YES;
				CLANG_WARN_INFINITE_RECURSION = YES;
				CLANG_WARN_INT_CONVERSION = YES;
				CLANG_WARN_NON_LITERAL_NULL_CONVERSION = YES;
				CLANG_WARN_OBJC_IMPLICIT_RETAIN_SELF = YES;
				CLANG_WARN_OBJC_LITERAL_CONVERSION = YES;
				CLANG_WARN_OBJC_ROOT_CLASS = YES_ERROR;
				CLANG_WARN_QUOTED_INCLUDE_IN_FRAMEWORK_HEADER = YES;
				CLANG_WARN_RANGE_LOOP_ANALYSIS = YES;
				CLANG_WARN_STRICT_PROTOTYPES = YES;
				CLANG_WARN_SUSPICIOUS_MOVE = YES;
				CLANG_WARN_UNGUARDED_AVAILABILITY = YES_AGGRESSIVE;
				CLANG_WARN_UNREACHABLE_CODE = YES;
				CLANG_WARN__DUPLICATE_METHOD_MATCH = YES;
				COPY_PHASE_STRIP = NO;
				DEBUG_INFORMATION_FORMAT = dwarf;
				ENABLE_STRICT_OBJC_MSGSEND = YES;
				ENABLE_TESTABILITY = YES;
				GCC_C_LANGUAGE_STANDARD = gnu11;
				GCC_DYNAMIC_NO_PIC = NO;
				GCC_NO_COMMON_BLOCKS = YES;
				GCC_OPTIMIZATION_LEVEL = 0;
				GCC_PREPROCESSOR_DEFINITIONS = (
					"DEBUG=1",
					"$(inherited)",
				);
				GCC_WARN_64_TO_32_BIT_CONVERSION = YES;
				GCC_WARN_ABOUT_RETURN_TYPE = YES_ERROR;
				GCC_WARN_UNDECLARED_SELECTOR = YES;
				GCC_WARN_UNINITIALIZED_AUTOS = YES_AGGRESSIVE;
				GCC_WARN_UNUSED_FUNCTION = YES;
				GCC_WARN_UNUSED_VARIABLE = YES;
				IPHONEOS_DEPLOYMENT_TARGET = 14.5;
				MTL_ENABLE_DEBUG_INFO = INCLUDE_SOURCE;
				MTL_FAST_MATH = YES;
				ONLY_ACTIVE_ARCH = YES;
				SDKROOT = iphoneos;
				SWIFT_ACTIVE_COMPILATION_CONDITIONS = DEBUG;
				SWIFT_OPTIMIZATION_LEVEL = "-Onone";
			};
			name = Debug;
		};
		DB57DEEE26BB7362002017A4 /* Release */ = {
			isa = XCBuildConfiguration;
			buildSettings = {
				ALWAYS_SEARCH_USER_PATHS = NO;
				CLANG_ANALYZER_NONNULL = YES;
				CLANG_ANALYZER_NUMBER_OBJECT_CONVERSION = YES_AGGRESSIVE;
				CLANG_CXX_LANGUAGE_STANDARD = "gnu++14";
				CLANG_CXX_LIBRARY = "libc++";
				CLANG_ENABLE_MODULES = YES;
				CLANG_ENABLE_OBJC_ARC = YES;
				CLANG_ENABLE_OBJC_WEAK = YES;
				CLANG_WARN_BLOCK_CAPTURE_AUTORELEASING = YES;
				CLANG_WARN_BOOL_CONVERSION = YES;
				CLANG_WARN_COMMA = YES;
				CLANG_WARN_CONSTANT_CONVERSION = YES;
				CLANG_WARN_DEPRECATED_OBJC_IMPLEMENTATIONS = YES;
				CLANG_WARN_DIRECT_OBJC_ISA_USAGE = YES_ERROR;
				CLANG_WARN_DOCUMENTATION_COMMENTS = YES;
				CLANG_WARN_EMPTY_BODY = YES;
				CLANG_WARN_ENUM_CONVERSION = YES;
				CLANG_WARN_INFINITE_RECURSION = YES;
				CLANG_WARN_INT_CONVERSION = YES;
				CLANG_WARN_NON_LITERAL_NULL_CONVERSION = YES;
				CLANG_WARN_OBJC_IMPLICIT_RETAIN_SELF = YES;
				CLANG_WARN_OBJC_LITERAL_CONVERSION = YES;
				CLANG_WARN_OBJC_ROOT_CLASS = YES_ERROR;
				CLANG_WARN_QUOTED_INCLUDE_IN_FRAMEWORK_HEADER = YES;
				CLANG_WARN_RANGE_LOOP_ANALYSIS = YES;
				CLANG_WARN_STRICT_PROTOTYPES = YES;
				CLANG_WARN_SUSPICIOUS_MOVE = YES;
				CLANG_WARN_UNGUARDED_AVAILABILITY = YES_AGGRESSIVE;
				CLANG_WARN_UNREACHABLE_CODE = YES;
				CLANG_WARN__DUPLICATE_METHOD_MATCH = YES;
				COPY_PHASE_STRIP = NO;
				DEBUG_INFORMATION_FORMAT = "dwarf-with-dsym";
				ENABLE_NS_ASSERTIONS = NO;
				ENABLE_STRICT_OBJC_MSGSEND = YES;
				GCC_C_LANGUAGE_STANDARD = gnu11;
				GCC_NO_COMMON_BLOCKS = YES;
				GCC_WARN_64_TO_32_BIT_CONVERSION = YES;
				GCC_WARN_ABOUT_RETURN_TYPE = YES_ERROR;
				GCC_WARN_UNDECLARED_SELECTOR = YES;
				GCC_WARN_UNINITIALIZED_AUTOS = YES_AGGRESSIVE;
				GCC_WARN_UNUSED_FUNCTION = YES;
				GCC_WARN_UNUSED_VARIABLE = YES;
				IPHONEOS_DEPLOYMENT_TARGET = 14.5;
				MTL_ENABLE_DEBUG_INFO = NO;
				MTL_FAST_MATH = YES;
				SDKROOT = iphoneos;
				SWIFT_COMPILATION_MODE = wholemodule;
				SWIFT_OPTIMIZATION_LEVEL = "-O";
				VALIDATE_PRODUCT = YES;
			};
			name = Release;
		};
		DB57DEF026BB7362002017A4 /* Debug */ = {
			isa = XCBuildConfiguration;
			buildSettings = {
				ASSETCATALOG_COMPILER_APPICON_NAME = AppIcon;
				ASSETCATALOG_COMPILER_GLOBAL_ACCENT_COLOR_NAME = AccentColor;
				CODE_SIGN_STYLE = Automatic;
				INFOPLIST_FILE = "Jogo Cara ou Coroa/Info.plist";
				LD_RUNPATH_SEARCH_PATHS = (
					"$(inherited)",
					"@executable_path/Frameworks",
				);
				PRODUCT_BUNDLE_IDENTIFIER = "com.reginaldoviana.Jogo-Cara-ou-Coroa";
				PRODUCT_NAME = "$(TARGET_NAME)";
				SWIFT_VERSION = 5.0;
				TARGETED_DEVICE_FAMILY = "1,2";
			};
			name = Debug;
		};
		DB57DEF126BB7362002017A4 /* Release */ = {
			isa = XCBuildConfiguration;
			buildSettings = {
				ASSETCATALOG_COMPILER_APPICON_NAME = AppIcon;
				ASSETCATALOG_COMPILER_GLOBAL_ACCENT_COLOR_NAME = AccentColor;
				CODE_SIGN_STYLE = Automatic;
				INFOPLIST_FILE = "Jogo Cara ou Coroa/Info.plist";
				LD_RUNPATH_SEARCH_PATHS = (
					"$(inherited)",
					"@executable_path/Frameworks",
				);
				PRODUCT_BUNDLE_IDENTIFIER = "com.reginaldoviana.Jogo-Cara-ou-Coroa";
				PRODUCT_NAME = "$(TARGET_NAME)";
				SWIFT_VERSION = 5.0;
				TARGETED_DEVICE_FAMILY = "1,2";
			};
			name = Release;
		};
/* End XCBuildConfiguration section */

/* Begin XCConfigurationList section */
		DB57DED626BB7361002017A4 /* Build configuration list for PBXProject "Jogo Cara ou Coroa" */ = {
			isa = XCConfigurationList;
			buildConfigurations = (
				DB57DEED26BB7362002017A4 /* Debug */,
				DB57DEEE26BB7362002017A4 /* Release */,
			);
			defaultConfigurationIsVisible = 0;
			defaultConfigurationName = Release;
		};
		DB57DEEF26BB7362002017A4 /* Build configuration list for PBXNativeTarget "Jogo Cara ou Coroa" */ = {
			isa = XCConfigurationList;
			buildConfigurations = (
				DB57DEF026BB7362002017A4 /* Debug */,
				DB57DEF126BB7362002017A4 /* Release */,
			);
			defaultConfigurationIsVisible = 0;
			defaultConfigurationName = Release;
		};
/* End XCConfigurationList section */
	};
	rootObject = DB57DED326BB7361002017A4 /* Project object */;
}
